# THIS IS AN AUTOGENERATED FILE. DO NOT EDIT THIS FILE DIRECTLY.
# yarn lockfile v1


"@sweetalert2/theme-dark@^5.0.2":
  version "5.0.2"
  resolved "https://registry.yarnpkg.com/@sweetalert2/theme-dark/-/theme-dark-5.0.2.tgz#dc1753fe9272a5d9ad276b15f09513e3d332ab87"
  integrity sha512-OboaclPhXLz8LPofjBlaxCq8Bs/N9IR7l4dleFlj7czVDd3zfw/ghU92cJb//AkLKmsdt849xoycSnShV41LdA==
